
Microsoft Visual Studio Solution File, Format Version 12.00
# Visual Studio Version 17
VisualStudioVersion = 17.4.33213.308
MinimumVisualStudioVersion = 10.0.40219.1
Project("{FAE04EC0-301F-11D3-BF4B-00C04F79EFBC}") = "ProcessLogger", "ProcessLogger.csproj", "{C6995479-C0A8-42E0-8627-4FF71BDC75E7}"
EndProject
Global
	GlobalSection(SolutionConfigurationPlatforms) = preSolution
		Debug|Any CPU = Debug|Any CPU
		Release|Any CPU = Release|Any CPU
	EndGlobalSection
	GlobalSection(ProjectConfigurationPlatforms) = postSolution
		{C6995479-C0A8-42E0-8627-4FF71BDC75E7}.Debug|Any CPU.ActiveCfg = Debug|Any CPU
		{C6995479-C0A8-42E0-8627-4FF71BDC75E7}.Debug|Any CPU.Build.0 = Debug|Any CPU
		{C6995479-C0A8-42E0-8627-4FF71BDC75E7}.Release|Any CPU.ActiveCfg = Release|Any CPU
		{C6995479-C0A8-42E0-8627-4FF71BDC75E7}.Release|Any CPU.Build.0 = Release|Any CPU
	EndGlobalSection
	GlobalSection(SolutionProperties) = preSolution
		HideSolutionNode = FALSE
	EndGlobalSection
	GlobalSection(ExtensibilityGlobals) = postSolution
		SolutionGuid = {2D08076D-D2AC-45F0-9E84-C2F83DF2C566}
	EndGlobalSection
EndGlobal
